
Microsoft Visual Studio Solution File, Format Version 12.00
Project("{FAE04EC0-301F-11D3-BF4B-00C04F79EFBC}") = "DataRct", "bindings\csharp\DataRct\DataRct.csproj", "{ABCDEF4E-2EEE-4B66-9DA6-A9F737D09E59}"
EndProject
Global
	GlobalSection(SolutionConfigurationPlatforms) = preSolution
		Debug|Any CPU = Debug|Any CPU
		Release|Any CPU = Release|Any CPU
	EndGlobalSection
	GlobalSection(ProjectConfigurationPlatforms) = postSolution
		{ABCDEF4E-2EEE-4B66-9DA6-A9F737D09E59}.Debug|Any CPU.ActiveCfg = Debug|Any CPU
		{ABCDEF4E-2EEE-4B66-9DA6-A9F737D09E59}.Debug|Any CPU.Build.0 = Debug|Any CPU
		{ABCDEF4E-2EEE-4B66-9DA6-A9F737D09E59}.Release|Any CPU.ActiveCfg = Release|Any CPU
		{ABCDEF4E-2EEE-4B66-9DA6-A9F737D09E59}.Release|Any CPU.Build.0 = Release|Any CPU
	EndGlobalSection
EndGlobal
